
Microsoft Visual Studio Solution File, Format Version 12.00
# Visual Studio Version 16
VisualStudioVersion = 16.0.29519.161
MinimumVisualStudioVersion = 10.0.40219.1
Project("{FAE04EC0-301F-11D3-BF4B-00C04F79EFBC}") = "MVC5_EF6_SP(3_tier)", "MVC5_EF6_SP(3_tier).csproj", "{AF5E742E-A588-4549-A285-63086D68577E}"
EndProject
Global
	GlobalSection(SolutionConfigurationPlatforms) = preSolution
		Debug|Any CPU = Debug|Any CPU
		Release|Any CPU = Release|Any CPU
	EndGlobalSection
	GlobalSection(ProjectConfigurationPlatforms) = postSolution
		{AF5E742E-A588-4549-A285-63086D68577E}.Debug|Any CPU.ActiveCfg = Debug|Any CPU
		{AF5E742E-A588-4549-A285-63086D68577E}.Debug|Any CPU.Build.0 = Debug|Any CPU
		{AF5E742E-A588-4549-A285-63086D68577E}.Release|Any CPU.ActiveCfg = Release|Any CPU
		{AF5E742E-A588-4549-A285-63086D68577E}.Release|Any CPU.Build.0 = Release|Any CPU
	EndGlobalSection
	GlobalSection(SolutionProperties) = preSolution
		HideSolutionNode = FALSE
	EndGlobalSection
	GlobalSection(ExtensibilityGlobals) = postSolution
		SolutionGuid = {D259276E-4B63-4739-8FF7-D60C9334409A}
	EndGlobalSection
EndGlobal
